
Microsoft Visual Studio Solution File, Format Version 12.00
# Visual Studio Version 17
VisualStudioVersion = 17.13.35828.75 d17.13
MinimumVisualStudioVersion = 10.0.40219.1
Project("{FAE04EC0-301F-11D3-BF4B-00C04F79EFBC}") = "FastHorse-For-SQL", "FastHorse-For-SQL.csproj", "{D5E4C234-C1F3-447C-8366-9EA4664CBBEB}"
EndProject
Global
	GlobalSection(SolutionConfigurationPlatforms) = preSolution
		Debug|Any CPU = Debug|Any CPU
		Release|Any CPU = Release|Any CPU
	EndGlobalSection
	GlobalSection(ProjectConfigurationPlatforms) = postSolution
		{D5E4C234-C1F3-447C-8366-9EA4664CBBEB}.Debug|Any CPU.ActiveCfg = Debug|Any CPU
		{D5E4C234-C1F3-447C-8366-9EA4664CBBEB}.Debug|Any CPU.Build.0 = Debug|Any CPU
		{D5E4C234-C1F3-447C-8366-9EA4664CBBEB}.Release|Any CPU.ActiveCfg = Release|Any CPU
		{D5E4C234-C1F3-447C-8366-9EA4664CBBEB}.Release|Any CPU.Build.0 = Release|Any CPU
	EndGlobalSection
	GlobalSection(SolutionProperties) = preSolution
		HideSolutionNode = FALSE
	EndGlobalSection
	GlobalSection(ExtensibilityGlobals) = postSolution
		SolutionGuid = {9CCE74BD-20C1-484A-A739-97CD16C64DB6}
	EndGlobalSection
EndGlobal
