
Microsoft Visual Studio Solution File, Format Version 12.00
# Visual Studio Version 17
VisualStudioVersion = 17.10.35027.167
MinimumVisualStudioVersion = 10.0.40219.1
Project("{FAE04EC0-301F-11D3-BF4B-00C04F79EFBC}") = "FastHorse", "FastHorse.csproj", "{7FF1F03D-0CA1-4E91-8724-1190CC1BEDDF}"
EndProject
Project("{54435603-DBB4-11D2-8724-00A0C9A8B90C}") = "Setup1", "..\Setup1\Setup1.vdproj", "{6EB70B15-7AEC-4CF5-824F-9C31E079411D}"
EndProject
Global
	GlobalSection(SolutionConfigurationPlatforms) = preSolution
		Debug|Any CPU = Debug|Any CPU
		Release|Any CPU = Release|Any CPU
	EndGlobalSection
	GlobalSection(ProjectConfigurationPlatforms) = postSolution
		{7FF1F03D-0CA1-4E91-8724-1190CC1BEDDF}.Debug|Any CPU.ActiveCfg = Debug|Any CPU
		{7FF1F03D-0CA1-4E91-8724-1190CC1BEDDF}.Debug|Any CPU.Build.0 = Debug|Any CPU
		{7FF1F03D-0CA1-4E91-8724-1190CC1BEDDF}.Release|Any CPU.ActiveCfg = Release|Any CPU
		{7FF1F03D-0CA1-4E91-8724-1190CC1BEDDF}.Release|Any CPU.Build.0 = Release|Any CPU
		{6EB70B15-7AEC-4CF5-824F-9C31E079411D}.Debug|Any CPU.ActiveCfg = Debug
		{6EB70B15-7AEC-4CF5-824F-9C31E079411D}.Release|Any CPU.ActiveCfg = Release
	EndGlobalSection
	GlobalSection(SolutionProperties) = preSolution
		HideSolutionNode = FALSE
	EndGlobalSection
	GlobalSection(ExtensibilityGlobals) = postSolution
		SolutionGuid = {79365C96-E080-4CEC-9248-DDB687DFD2A5}
	EndGlobalSection
EndGlobal
